
Microsoft Visual Studio Solution File, Format Version 12.00
# Visual Studio 15
VisualStudioVersion = 15.0.28307.271
MinimumVisualStudioVersion = 10.0.40219.1
Project("{FAE04EC0-301F-11D3-BF4B-00C04F79EFBC}") = "Botox", "Botox\Botox.csproj", "{5F715E22-7419-4559-A782-7B3FDC55FAB6}"
EndProject
Project("{FAE04EC0-301F-11D3-BF4B-00C04F79EFBC}") = "SocketHook", "SocketHook\SocketHook.csproj", "{EB3FCA74-D359-4356-AFA9-EA23709AE810}"
EndProject
Project("{FAE04EC0-301F-11D3-BF4B-00C04F79EFBC}") = "BotoxNetwork", "BotoxNetwork\BotoxNetwork.csproj", "{0BE880C0-BC6D-4752-A21C-8ADB40C9CA75}"
EndProject
Project("{FAE04EC0-301F-11D3-BF4B-00C04F79EFBC}") = "BotoxUI", "BotoxUI\BotoxUI.csproj", "{7DAC7F0E-746C-43E2-A880-DD2EBDAA9746}"
EndProject
Project("{FAE04EC0-301F-11D3-BF4B-00C04F79EFBC}") = "BotoxSharedModel", "BotoxSharedModel\BotoxSharedModel.csproj", "{CBCDFABB-2F19-4F04-B960-D4EA81705FE3}"
EndProject
Global
	GlobalSection(SolutionConfigurationPlatforms) = preSolution
		Debug|Any CPU = Debug|Any CPU
		Release|Any CPU = Release|Any CPU
	EndGlobalSection
	GlobalSection(ProjectConfigurationPlatforms) = postSolution
		{5F715E22-7419-4559-A782-7B3FDC55FAB6}.Debug|Any CPU.ActiveCfg = Debug|Any CPU
		{5F715E22-7419-4559-A782-7B3FDC55FAB6}.Debug|Any CPU.Build.0 = Debug|Any CPU
		{5F715E22-7419-4559-A782-7B3FDC55FAB6}.Release|Any CPU.ActiveCfg = Release|Any CPU
		{5F715E22-7419-4559-A782-7B3FDC55FAB6}.Release|Any CPU.Build.0 = Release|Any CPU
		{EB3FCA74-D359-4356-AFA9-EA23709AE810}.Debug|Any CPU.ActiveCfg = Debug|Any CPU
		{EB3FCA74-D359-4356-AFA9-EA23709AE810}.Debug|Any CPU.Build.0 = Debug|Any CPU
		{EB3FCA74-D359-4356-AFA9-EA23709AE810}.Release|Any CPU.ActiveCfg = Release|Any CPU
		{EB3FCA74-D359-4356-AFA9-EA23709AE810}.Release|Any CPU.Build.0 = Release|Any CPU
		{0BE880C0-BC6D-4752-A21C-8ADB40C9CA75}.Debug|Any CPU.ActiveCfg = Debug|Any CPU
		{0BE880C0-BC6D-4752-A21C-8ADB40C9CA75}.Debug|Any CPU.Build.0 = Debug|Any CPU
		{0BE880C0-BC6D-4752-A21C-8ADB40C9CA75}.Release|Any CPU.ActiveCfg = Release|Any CPU
		{0BE880C0-BC6D-4752-A21C-8ADB40C9CA75}.Release|Any CPU.Build.0 = Release|Any CPU
		{7DAC7F0E-746C-43E2-A880-DD2EBDAA9746}.Debug|Any CPU.ActiveCfg = Debug|Any CPU
		{7DAC7F0E-746C-43E2-A880-DD2EBDAA9746}.Debug|Any CPU.Build.0 = Debug|Any CPU
		{7DAC7F0E-746C-43E2-A880-DD2EBDAA9746}.Release|Any CPU.ActiveCfg = Release|Any CPU
		{7DAC7F0E-746C-43E2-A880-DD2EBDAA9746}.Release|Any CPU.Build.0 = Release|Any CPU
		{CBCDFABB-2F19-4F04-B960-D4EA81705FE3}.Debug|Any CPU.ActiveCfg = Debug|Any CPU
		{CBCDFABB-2F19-4F04-B960-D4EA81705FE3}.Debug|Any CPU.Build.0 = Debug|Any CPU
		{CBCDFABB-2F19-4F04-B960-D4EA81705FE3}.Release|Any CPU.ActiveCfg = Release|Any CPU
		{CBCDFABB-2F19-4F04-B960-D4EA81705FE3}.Release|Any CPU.Build.0 = Release|Any CPU
	EndGlobalSection
	GlobalSection(SolutionProperties) = preSolution
		HideSolutionNode = FALSE
	EndGlobalSection
	GlobalSection(ExtensibilityGlobals) = postSolution
		SolutionGuid = {71729335-E6F3-45D6-8B05-D3E5329B4175}
	EndGlobalSection
EndGlobal
